Microsoft Visual Studio Solution File, Format Version 12.00
# Visual Studio Version 17
VisualStudioVersion = 17.5.2.0
MinimumVisualStudioVersion = 10.0.40219.1
Project("{FAE04EC0-301F-11D3-BF4B-00C04F79EFBC}") = "dotnetsoapstarter", "dotnetsoapstarter.csproj", "{344B53D5-23E8-DC2B-6E35-FA102773F813}"
EndProject
Global
	GlobalSection(SolutionConfigurationPlatforms) = preSolution
		Debug|Any CPU = Debug|Any CPU
		Release|Any CPU = Release|Any CPU
	EndGlobalSection
	GlobalSection(ProjectConfigurationPlatforms) = postSolution
		{344B53D5-23E8-DC2B-6E35-FA102773F813}.Debug|Any CPU.ActiveCfg = Debug|Any CPU
		{344B53D5-23E8-DC2B-6E35-FA102773F813}.Debug|Any CPU.Build.0 = Debug|Any CPU
		{344B53D5-23E8-DC2B-6E35-FA102773F813}.Release|Any CPU.ActiveCfg = Release|Any CPU
		{344B53D5-23E8-DC2B-6E35-FA102773F813}.Release|Any CPU.Build.0 = Release|Any CPU
	EndGlobalSection
	GlobalSection(SolutionProperties) = preSolution
		HideSolutionNode = FALSE
	EndGlobalSection
	GlobalSection(ExtensibilityGlobals) = postSolution
		SolutionGuid = {14D030DF-306D-43E9-A75D-9665329FBC1D}
	EndGlobalSection
EndGlobal
